// !$*UTF8*$!
{
	archiveVersion = 1;
	classes = {
	};
	objectVersion = 56;
	objects = {

/* Begin PBXBuildFile section */
		07732F422BAEF00F00076540 /* how_to_use_navigationStack_1App.swift in Sources */ = {isa = PBXBuildFile; fileRef = 07732F412BAEF00F00076540 /* how_to_use_navigationStack_1App.swift */; };
		07732F442BAEF00F00076540 /* ContentView.swift in Sources */ = {isa = PBXBuildFile; fileRef = 07732F432BAEF00F00076540 /* ContentView.swift */; };
		07732F462BAEF01100076540 /* Assets.xcassets in Resources */ = {isa = PBXBuildFile; fileRef = 07732F452BAEF01100076540 /* Assets.xcassets */; };
		07732F492BAEF01100076540 /* Preview Assets.xcassets in Resources */ = {isa = PBXBuildFile; fileRef = 07732F482BAEF01100076540 /* Preview Assets.xcassets */; };
		07732F512BAF0AE900076540 /* MenuItem.swift in Sources */ = {isa = PBXBuildFile; fileRef = 07732F502BAF0AE900076540 /* MenuItem.swift */; };
		07732F552BAF0B9D00076540 /* MenuItemView.swift in Sources */ = {isa = PBXBuildFile; fileRef = 07732F542BAF0B9D00076540 /* MenuItemView.swift */; };
		07732F572BAF0CBA00076540 /* FoodDetailView.swift in Sources */ = {isa = PBXBuildFile; fileRef = 07732F562BAF0CBA00076540 /* FoodDetailView.swift */; };
		07732F592BAF184E00076540 /* DrinkDetailView.swift in Sources */ = {isa = PBXBuildFile; fileRef = 07732F582BAF184E00076540 /* DrinkDetailView.swift */; };
		07732F5B2BAF238300076540 /* DessertDetailView.swift in Sources */ = {isa = PBXBuildFile; fileRef = 07732F5A2BAF238300076540 /* DessertDetailView.swift */; };
		07732F5F2BAF6E4F00076540 /* ShoppingCartManager.swift in Sources */ = {isa = PBXBuildFile; fileRef = 07732F5E2BAF6E4F00076540 /* ShoppingCartManager.swift */; };
		07732F622BAF807500076540 /* CartButton.swift in Sources */ = {isa = PBXBuildFile; fileRef = 07732F612BAF807500076540 /* CartButton.swift */; };
		07732F642BAF86A500076540 /* CartView.swift in Sources */ = {isa = PBXBuildFile; fileRef = 07732F632BAF86A500076540 /* CartView.swift */; };
/* End PBXBuildFile section */

/* Begin PBXFileReference section */
		07732F3E2BAEF00F00076540 /* how-to-use-navigationStack#1.app */ = {isa = PBXFileReference; explicitFileType = wrapper.application; includeInIndex = 0; path = "how-to-use-navigationStack#1.app"; sourceTree = BUILT_PRODUCTS_DIR; };
		07732F412BAEF00F00076540 /* how_to_use_navigationStack_1App.swift */ = {isa = PBXFileReference; lastKnownFileType = sourcecode.swift; path = how_to_use_navigationStack_1App.swift; sourceTree = "<group>"; };
		07732F432BAEF00F00076540 /* ContentView.swift */ = {isa = PBXFileReference; lastKnownFileType = sourcecode.swift; path = ContentView.swift; sourceTree = "<group>"; };
		07732F452BAEF01100076540 /* Assets.xcassets */ = {isa = PBXFileReference; lastKnownFileType = folder.assetcatalog; path = Assets.xcassets; sourceTree = "<group>"; };
		07732F482BAEF01100076540 /* Preview Assets.xcassets */ = {isa = PBXFileReference; lastKnownFileType = folder.assetcatalog; path = "Preview Assets.xcassets"; sourceTree = "<group>"; };
		07732F502BAF0AE900076540 /* MenuItem.swift */ = {isa = PBXFileReference; lastKnownFileType = sourcecode.swift; path = MenuItem.swift; sourceTree = "<group>"; };
		07732F542BAF0B9D00076540 /* MenuItemView.swift */ = {isa = PBXFileReference; lastKnownFileType = sourcecode.swift; path = MenuItemView.swift; sourceTree = "<group>"; };
		07732F562BAF0CBA00076540 /* FoodDetailView.swift */ = {isa = PBXFileReference; lastKnownFileType = sourcecode.swift; path = FoodDetailView.swift; sourceTree = "<group>"; };
		07732F582BAF184E00076540 /* DrinkDetailView.swift */ = {isa = PBXFileReference; lastKnownFileType = sourcecode.swift; path = DrinkDetailView.swift; sourceTree = "<group>"; };
		07732F5A2BAF238300076540 /* DessertDetailView.swift */ = {isa = PBXFileReference; lastKnownFileType = sourcecode.swift; path = DessertDetailView.swift; sourceTree = "<group>"; };
		07732F5E2BAF6E4F00076540 /* ShoppingCartManager.swift */ = {isa = PBXFileReference; lastKnownFileType = sourcecode.swift; path = ShoppingCartManager.swift; sourceTree = "<group>"; };
		07732F612BAF807500076540 /* CartButton.swift */ = {isa = PBXFileReference; lastKnownFileType = sourcecode.swift; path = CartButton.swift; sourceTree = "<group>"; };
		07732F632BAF86A500076540 /* CartView.swift */ = {isa = PBXFileReference; lastKnownFileType = sourcecode.swift; path = CartView.swift; sourceTree = "<group>"; };
/* End PBXFileReference section */

/* Begin PBXFrameworksBuildPhase section */
		07732F3B2BAEF00F00076540 /* Frameworks */ = {
			isa = PBXFrameworksBuildPhase;
			buildActionMask = 2147483647;
			files = (
			);
			runOnlyForDeploymentPostprocessing = 0;
		};
/* End PBXFrameworksBuildPhase section */

/* Begin PBXGroup section */
		07732F352BAEF00E00076540 = {
			isa = PBXGroup;
			children = (
				07732F402BAEF00F00076540 /* how-to-use-navigationStack#1 */,
				07732F3F2BAEF00F00076540 /* Products */,
			);
			sourceTree = "<group>";
		};
		07732F3F2BAEF00F00076540 /* Products */ = {
			isa = PBXGroup;
			children = (
				07732F3E2BAEF00F00076540 /* how-to-use-navigationStack#1.app */,
			);
			name = Products;
			sourceTree = "<group>";
		};
		07732F402BAEF00F00076540 /* how-to-use-navigationStack#1 */ = {
			isa = PBXGroup;
			children = (
				07732F5C2BAF6E2800076540 /* Cart */,
				07732F522BAF0B7F00076540 /* View */,
				07732F4F2BAF0ACE00076540 /* Model */,
				07732F412BAEF00F00076540 /* how_to_use_navigationStack_1App.swift */,
				07732F452BAEF01100076540 /* Assets.xcassets */,
				07732F472BAEF01100076540 /* Preview Content */,
			);
			path = "how-to-use-navigationStack#1";
			sourceTree = "<group>";
		};
		07732F472BAEF01100076540 /* Preview Content */ = {
			isa = PBXGroup;
			children = (
				07732F482BAEF01100076540 /* Preview Assets.xcassets */,
			);
			path = "Preview Content";
			sourceTree = "<group>";
		};
		07732F4F2BAF0ACE00076540 /* Model */ = {
			isa = PBXGroup;
			children = (
				07732F502BAF0AE900076540 /* MenuItem.swift */,
			);
			path = Model;
			sourceTree = "<group>";
		};
		07732F522BAF0B7F00076540 /* View */ = {
			isa = PBXGroup;
			children = (
				07732F532BAF0B8E00076540 /* subView */,
				07732F432BAEF00F00076540 /* ContentView.swift */,
			);
			path = View;
			sourceTree = "<group>";
		};
		07732F532BAF0B8E00076540 /* subView */ = {
			isa = PBXGroup;
			children = (
				07732F542BAF0B9D00076540 /* MenuItemView.swift */,
				07732F562BAF0CBA00076540 /* FoodDetailView.swift */,
				07732F582BAF184E00076540 /* DrinkDetailView.swift */,
				07732F5A2BAF238300076540 /* DessertDetailView.swift */,
			);
			path = subView;
			sourceTree = "<group>";
		};
		07732F5C2BAF6E2800076540 /* Cart */ = {
			isa = PBXGroup;
			children = (
				07732F602BAF805D00076540 /* View */,
				07732F5D2BAF6E3200076540 /* Manager */,
			);
			path = Cart;
			sourceTree = "<group>";
		};
		07732F5D2BAF6E3200076540 /* Manager */ = {
			isa = PBXGroup;
			children = (
				07732F5E2BAF6E4F00076540 /* ShoppingCartManager.swift */,
			);
			path = Manager;
			sourceTree = "<group>";
		};
		07732F602BAF805D00076540 /* View */ = {
			isa = PBXGroup;
			children = (
				07732F612BAF807500076540 /* CartButton.swift */,
				07732F632BAF86A500076540 /* CartView.swift */,
			);
			path = View;
			sourceTree = "<group>";
		};
/* End PBXGroup section */

/* Begin PBXNativeTarget section */
		07732F3D2BAEF00F00076540 /* how-to-use-navigationStack#1 */ = {
			isa = PBXNativeTarget;
			buildConfigurationList = 07732F4C2BAEF01100076540 /* Build configuration list for PBXNativeTarget "how-to-use-navigationStack#1" */;
			buildPhases = (
				07732F3A2BAEF00F00076540 /* Sources */,
				07732F3B2BAEF00F00076540 /* Frameworks */,
				07732F3C2BAEF00F00076540 /* Resources */,
			);
			buildRules = (
			);
			dependencies = (
			);
			name = "how-to-use-navigationStack#1";
			productName = "how-to-use-navigationStack#1";
			productReference = 07732F3E2BAEF00F00076540 /* how-to-use-navigationStack#1.app */;
			productType = "com.apple.product-type.application";
		};
/* End PBXNativeTarget section */

/* Begin PBXProject section */
		07732F362BAEF00E00076540 /* Project object */ = {
			isa = PBXProject;
			attributes = {
				BuildIndependentTargetsInParallel = 1;
				LastSwiftUpdateCheck = 1410;
				LastUpgradeCheck = 1410;
				TargetAttributes = {
					07732F3D2BAEF00F00076540 = {
						CreatedOnToolsVersion = 14.1;
					};
				};
			};
			buildConfigurationList = 07732F392BAEF00E00076540 /* Build configuration list for PBXProject "how-to-use-navigationStack#1" */;
			compatibilityVersion = "Xcode 14.0";
			developmentRegion = en;
			hasScannedForEncodings = 0;
			knownRegions = (
				en,
				Base,
			);
			mainGroup = 07732F352BAEF00E00076540;
			productRefGroup = 07732F3F2BAEF00F00076540 /* Products */;
			projectDirPath = "";
			projectRoot = "";
			targets = (
				07732F3D2BAEF00F00076540 /* how-to-use-navigationStack#1 */,
			);
		};
/* End PBXProject section */

/* Begin PBXResourcesBuildPhase section */
		07732F3C2BAEF00F00076540 /* Resources */ = {
			isa = PBXResourcesBuildPhase;
			buildActionMask = 2147483647;
			files = (
				07732F492BAEF01100076540 /* Preview Assets.xcassets in Resources */,
				07732F462BAEF01100076540 /* Assets.xcassets in Resources */,
			);
			runOnlyForDeploymentPostprocessing = 0;
		};
/* End PBXResourcesBuildPhase section */

/* Begin PBXSourcesBuildPhase section */
		07732F3A2BAEF00F00076540 /* Sources */ = {
			isa = PBXSourcesBuildPhase;
			buildActionMask = 2147483647;
			files = (
				07732F642BAF86A500076540 /* CartView.swift in Sources */,
				07732F552BAF0B9D00076540 /* MenuItemView.swift in Sources */,
				07732F5F2BAF6E4F00076540 /* ShoppingCartManager.swift in Sources */,
				07732F512BAF0AE900076540 /* MenuItem.swift in Sources */,
				07732F5B2BAF238300076540 /* DessertDetailView.swift in Sources */,
				07732F442BAEF00F00076540 /* ContentView.swift in Sources */,
				07732F622BAF807500076540 /* CartButton.swift in Sources */,
				07732F422BAEF00F00076540 /* how_to_use_navigationStack_1App.swift in Sources */,
				07732F592BAF184E00076540 /* DrinkDetailView.swift in Sources */,
				07732F572BAF0CBA00076540 /* FoodDetailView.swift in Sources */,
			);
			runOnlyForDeploymentPostprocessing = 0;
		};
/* End PBXSourcesBuildPhase section */

/* Begin XCBuildConfiguration section */
		07732F4A2BAEF01100076540 /* Debug */ = {
			isa = XCBuildConfiguration;
			buildSettings = {
				ALWAYS_SEARCH_USER_PATHS = NO;
				CLANG_ANALYZER_NONNULL = YES;
				CLANG_ANALYZER_NUMBER_OBJECT_CONVERSION = YES_AGGRESSIVE;
				CLANG_CXX_LANGUAGE_STANDARD = "gnu++20";
				CLANG_ENABLE_MODULES = YES;
				CLANG_ENABLE_OBJC_ARC = YES;
				CLANG_ENABLE_OBJC_WEAK = YES;
				CLANG_WARN_BLOCK_CAPTURE_AUTORELEASING = YES;
				CLANG_WARN_BOOL_CONVERSION = YES;
				CLANG_WARN_COMMA = YES;
				CLANG_WARN_CONSTANT_CONVERSION = YES;
				CLANG_WARN_DEPRECATED_OBJC_IMPLEMENTATIONS = YES;
				CLANG_WARN_DIRECT_OBJC_ISA_USAGE = YES_ERROR;
				CLANG_WARN_DOCUMENTATION_COMMENTS = YES;
				CLANG_WARN_EMPTY_BODY = YES;
				CLANG_WARN_ENUM_CONVERSION = YES;
				CLANG_WARN_INFINITE_RECURSION = YES;
				CLANG_WARN_INT_CONVERSION = YES;
				CLANG_WARN_NON_LITERAL_NULL_CONVERSION = YES;
				CLANG_WARN_OBJC_IMPLICIT_RETAIN_SELF = YES;
				CLANG_WARN_OBJC_LITERAL_CONVERSION = YES;
				CLANG_WARN_OBJC_ROOT_CLASS = YES_ERROR;
				CLANG_WARN_QUOTED_INCLUDE_IN_FRAMEWORK_HEADER = YES;
				CLANG_WARN_RANGE_LOOP_ANALYSIS = YES;
				CLANG_WARN_STRICT_PROTOTYPES = YES;
				CLANG_WARN_SUSPICIOUS_MOVE = YES;
				CLANG_WARN_UNGUARDED_AVAILABILITY = YES_AGGRESSIVE;
				CLANG_WARN_UNREACHABLE_CODE = YES;
				CLANG_WARN__DUPLICATE_METHOD_MATCH = YES;
				COPY_PHASE_STRIP = NO;
				DEBUG_INFORMATION_FORMAT = dwarf;
				ENABLE_STRICT_OBJC_MSGSEND = YES;
				ENABLE_TESTABILITY = YES;
				GCC_C_LANGUAGE_STANDARD = gnu11;
				GCC_DYNAMIC_NO_PIC = NO;
				GCC_NO_COMMON_BLOCKS = YES;
				GCC_OPTIMIZATION_LEVEL = 0;
				GCC_PREPROCESSOR_DEFINITIONS = (
					"DEBUG=1",
					"$(inherited)",
				);
				GCC_WARN_64_TO_32_BIT_CONVERSION = YES;
				GCC_WARN_ABOUT_RETURN_TYPE = YES_ERROR;
				GCC_WARN_UNDECLARED_SELECTOR = YES;
				GCC_WARN_UNINITIALIZED_AUTOS = YES_AGGRESSIVE;
				GCC_WARN_UNUSED_FUNCTION = YES;
				GCC_WARN_UNUSED_VARIABLE = YES;
				IPHONEOS_DEPLOYMENT_TARGET = 16.1;
				MTL_ENABLE_DEBUG_INFO = INCLUDE_SOURCE;
				MTL_FAST_MATH = YES;
				ONLY_ACTIVE_ARCH = YES;
				SDKROOT = iphoneos;
				SWIFT_ACTIVE_COMPILATION_CONDITIONS = DEBUG;
				SWIFT_OPTIMIZATION_LEVEL = "-Onone";
			};
			name = Debug;
		};
		07732F4B2BAEF01100076540 /* Release */ = {
			isa = XCBuildConfiguration;
			buildSettings = {
				ALWAYS_SEARCH_USER_PATHS = NO;
				CLANG_ANALYZER_NONNULL = YES;
				CLANG_ANALYZER_NUMBER_OBJECT_CONVERSION = YES_AGGRESSIVE;
				CLANG_CXX_LANGUAGE_STANDARD = "gnu++20";
				CLANG_ENABLE_MODULES = YES;
				CLANG_ENABLE_OBJC_ARC = YES;
				CLANG_ENABLE_OBJC_WEAK = YES;
				CLANG_WARN_BLOCK_CAPTURE_AUTORELEASING = YES;
				CLANG_WARN_BOOL_CONVERSION = YES;
				CLANG_WARN_COMMA = YES;
				CLANG_WARN_CONSTANT_CONVERSION = YES;
				CLANG_WARN_DEPRECATED_OBJC_IMPLEMENTATIONS = YES;
				CLANG_WARN_DIRECT_OBJC_ISA_USAGE = YES_ERROR;
				CLANG_WARN_DOCUMENTATION_COMMENTS = YES;
				CLANG_WARN_EMPTY_BODY = YES;
				CLANG_WARN_ENUM_CONVERSION = YES;
				CLANG_WARN_INFINITE_RECURSION = YES;
				CLANG_WARN_INT_CONVERSION = YES;
				CLANG_WARN_NON_LITERAL_NULL_CONVERSION = YES;
				CLANG_WARN_OBJC_IMPLICIT_RETAIN_SELF = YES;
				CLANG_WARN_OBJC_LITERAL_CONVERSION = YES;
				CLANG_WARN_OBJC_ROOT_CLASS = YES_ERROR;
				CLANG_WARN_QUOTED_INCLUDE_IN_FRAMEWORK_HEADER = YES;
				CLANG_WARN_RANGE_LOOP_ANALYSIS = YES;
				CLANG_WARN_STRICT_PROTOTYPES = YES;
				CLANG_WARN_SUSPICIOUS_MOVE = YES;
				CLANG_WARN_UNGUARDED_AVAILABILITY = YES_AGGRESSIVE;
				CLANG_WARN_UNREACHABLE_CODE = YES;
				CLANG_WARN__DUPLICATE_METHOD_MATCH = YES;
				COPY_PHASE_STRIP = NO;
				DEBUG_INFORMATION_FORMAT = "dwarf-with-dsym";
				ENABLE_NS_ASSERTIONS = NO;
				ENABLE_STRICT_OBJC_MSGSEND = YES;
				GCC_C_LANGUAGE_STANDARD = gnu11;
				GCC_NO_COMMON_BLOCKS = YES;
				GCC_WARN_64_TO_32_BIT_CONVERSION = YES;
				GCC_WARN_ABOUT_RETURN_TYPE = YES_ERROR;
				GCC_WARN_UNDECLARED_SELECTOR = YES;
				GCC_WARN_UNINITIALIZED_AUTOS = YES_AGGRESSIVE;
				GCC_WARN_UNUSED_FUNCTION = YES;
				GCC_WARN_UNUSED_VARIABLE = YES;
				IPHONEOS_DEPLOYMENT_TARGET = 16.1;
				MTL_ENABLE_DEBUG_INFO = NO;
				MTL_FAST_MATH = YES;
				SDKROOT = iphoneos;
				SWIFT_COMPILATION_MODE = wholemodule;
				SWIFT_OPTIMIZATION_LEVEL = "-O";
				VALIDATE_PRODUCT = YES;
			};
			name = Release;
		};
		07732F4D2BAEF01100076540 /* Debug */ = {
			isa = XCBuildConfiguration;
			buildSettings = {
				ASSETCATALOG_COMPILER_APPICON_NAME = AppIcon;
				ASSETCATALOG_COMPILER_GLOBAL_ACCENT_COLOR_NAME = AccentColor;
				CODE_SIGN_STYLE = Automatic;
				CURRENT_PROJECT_VERSION = 1;
				DEVELOPMENT_ASSET_PATHS = "\"how-to-use-navigationStack#1/Preview Content\"";
				DEVELOPMENT_TEAM = UQ2YS6389U;
				ENABLE_PREVIEWS = YES;
				GENERATE_INFOPLIST_FILE = YES;
				INFOPLIST_KEY_UIApplicationSceneManifest_Generation = YES;
				INFOPLIST_KEY_UIApplicationSupportsIndirectInputEvents = YES;
				INFOPLIST_KEY_UILaunchScreen_Generation = YES;
				INFOPLIST_KEY_UISupportedInterfaceOrientations_iPad = "UIInterfaceOrientationPortrait UIInterfaceOrientationPortraitUpsideDown UIInterfaceOrientationLandscapeLeft UIInterfaceOrientationLandscapeRight";
				INFOPLIST_KEY_UISupportedInterfaceOrientations_iPhone = "UIInterfaceOrientationPortrait UIInterfaceOrientationLandscapeLeft UIInterfaceOrientationLandscapeRight";
				LD_RUNPATH_SEARCH_PATHS = (
					"$(inherited)",
					"@executable_path/Frameworks",
				);
				MARKETING_VERSION = 1.0;
				PRODUCT_BUNDLE_IDENTIFIER = "com.OAM.how-to-use-navigationStack-1";
				PRODUCT_NAME = "$(TARGET_NAME)";
				SWIFT_EMIT_LOC_STRINGS = YES;
				SWIFT_VERSION = 5.0;
				TARGETED_DEVICE_FAMILY = "1,2";
			};
			name = Debug;
		};
		07732F4E2BAEF01100076540 /* Release */ = {
			isa = XCBuildConfiguration;
			buildSettings = {
				ASSETCATALOG_COMPILER_APPICON_NAME = AppIcon;
				ASSETCATALOG_COMPILER_GLOBAL_ACCENT_COLOR_NAME = AccentColor;
				CODE_SIGN_STYLE = Automatic;
				CURRENT_PROJECT_VERSION = 1;
				DEVELOPMENT_ASSET_PATHS = "\"how-to-use-navigationStack#1/Preview Content\"";
				DEVELOPMENT_TEAM = UQ2YS6389U;
				ENABLE_PREVIEWS = YES;
				GENERATE_INFOPLIST_FILE = YES;
				INFOPLIST_KEY_UIApplicationSceneManifest_Generation = YES;
				INFOPLIST_KEY_UIApplicationSupportsIndirectInputEvents = YES;
				INFOPLIST_KEY_UILaunchScreen_Generation = YES;
				INFOPLIST_KEY_UISupportedInterfaceOrientations_iPad = "UIInterfaceOrientationPortrait UIInterfaceOrientationPortraitUpsideDown UIInterfaceOrientationLandscapeLeft UIInterfaceOrientationLandscapeRight";
				INFOPLIST_KEY_UISupportedInterfaceOrientations_iPhone = "UIInterfaceOrientationPortrait UIInterfaceOrientationLandscapeLeft UIInterfaceOrientationLandscapeRight";
				LD_RUNPATH_SEARCH_PATHS = (
					"$(inherited)",
					"@executable_path/Frameworks",
				);
				MARKETING_VERSION = 1.0;
				PRODUCT_BUNDLE_IDENTIFIER = "com.OAM.how-to-use-navigationStack-1";
				PRODUCT_NAME = "$(TARGET_NAME)";
				SWIFT_EMIT_LOC_STRINGS = YES;
				SWIFT_VERSION = 5.0;
				TARGETED_DEVICE_FAMILY = "1,2";
			};
			name = Release;
		};
/* End XCBuildConfiguration section */

/* Begin XCConfigurationList section */
		07732F392BAEF00E00076540 /* Build configuration list for PBXProject "how-to-use-navigationStack#1" */ = {
			isa = XCConfigurationList;
			buildConfigurations = (
				07732F4A2BAEF01100076540 /* Debug */,
				07732F4B2BAEF01100076540 /* Release */,
			);
			defaultConfigurationIsVisible = 0;
			defaultConfigurationName = Release;
		};
		07732F4C2BAEF01100076540 /* Build configuration list for PBXNativeTarget "how-to-use-navigationStack#1" */ = {
			isa = XCConfigurationList;
			buildConfigurations = (
				07732F4D2BAEF01100076540 /* Debug */,
				07732F4E2BAEF01100076540 /* Release */,
			);
			defaultConfigurationIsVisible = 0;
			defaultConfigurationName = Release;
		};
/* End XCConfigurationList section */
	};
	rootObject = 07732F362BAEF00E00076540 /* Project object */;
}
